
Microsoft Visual Studio Solution File, Format Version 12.00
# Visual Studio Version 16
VisualStudioVersion = 16.0.31702.278
MinimumVisualStudioVersion = 10.0.40219.1
Project("{FAE04EC0-301F-11D3-BF4B-00C04F79EFBC}") = "JSPractice", "JSPractice\JSPractice.csproj", "{DE9F9F0E-54CE-4A39-A547-BE3CBE639548}"
EndProject
Global
	GlobalSection(SolutionConfigurationPlatforms) = preSolution
		Debug|Any CPU = Debug|Any CPU
		Release|Any CPU = Release|Any CPU
	EndGlobalSection
	GlobalSection(ProjectConfigurationPlatforms) = postSolution
		{DE9F9F0E-54CE-4A39-A547-BE3CBE639548}.Debug|Any CPU.ActiveCfg = Debug|Any CPU
		{DE9F9F0E-54CE-4A39-A547-BE3CBE639548}.Debug|Any CPU.Build.0 = Debug|Any CPU
		{DE9F9F0E-54CE-4A39-A547-BE3CBE639548}.Release|Any CPU.ActiveCfg = Release|Any CPU
		{DE9F9F0E-54CE-4A39-A547-BE3CBE639548}.Release|Any CPU.Build.0 = Release|Any CPU
	EndGlobalSection
	GlobalSection(SolutionProperties) = preSolution
		HideSolutionNode = FALSE
	EndGlobalSection
	GlobalSection(ExtensibilityGlobals) = postSolution
		SolutionGuid = {3ABE6D1E-DC6B-43E2-AB59-43F3DD663202}
	EndGlobalSection
EndGlobal
